{
    "_readme": [
        "This file locks the dependencies of your project to a known state",
        "Read more about it at https://getcomposer.org/doc/01-basic-usage.md#installing-dependencies",
        "This file is @generated automatically"
    ],
    "content-hash": "4fb0b1c3b7e7a0e8aed2dcc045e5ca0b",
    "packages": [
        {
            "name": "php-parallel-lint/php-console-color",
            "version": "v0.3",
            "source": {
                "type": "git",
                "url": "https://github.com/php-parallel-lint/PHP-Console-Color.git",
                "reference": "b6af326b2088f1ad3b264696c9fd590ec395b49e"
            },
            "dist": {
                "type": "zip",
                "url": "https://api.github.com/repos/php-parallel-lint/PHP-Console-Color/zipball/b6af326b2088f1ad3b264696c9fd590ec395b49e",
                "reference": "b6af326b2088f1ad3b264696c9fd590ec395b49e",
                "shasum": ""
            },
            "require": {
                "php": ">=5.4.0"
            },
            "replace": {
                "jakub-onderka/php-console-color": "*"
            },
            "require-dev": {
                "php-parallel-lint/php-code-style": "1.0",
                "php-parallel-lint/php-parallel-lint": "1.0",
                "php-parallel-lint/php-var-dump-check": "0.*",
                "phpunit/phpunit": "~4.3",
                "squizlabs/php_codesniffer": "1.*"
            },
            "type": "library",
            "autoload": {
                "psr-4": {
                    "JakubOnderka\\PhpConsoleColor\\": "src/"
                }
            },
            "notification-url": "https://packagist.org/downloads/",
            "license": [
                "BSD-2-Clause"
            ],
            "authors": [
                {
                    "name": "Jakub Onderka",
                    "email": "jakub.onderka@gmail.com"
                }
            ],
            "support": {
                "issues": "https://github.com/php-parallel-lint/PHP-Console-Color/issues",
                "source": "https://github.com/php-parallel-lint/PHP-Console-Color/tree/master"
            },
            "time": "2020-05-14T05:47:14+00:00"
        },
        {
            "name": "web64/laravel-cli-colors",
            "version": "v0.20",
            "source": {
                "type": "git",
                "url": "https://github.com/web64/laravel-cli-colors.git",
                "reference": "16c48e9102d20a496cac4172313500b5083cf6e9"
            },
            "dist": {
                "type": "zip",
                "url": "https://api.github.com/repos/web64/laravel-cli-colors/zipball/16c48e9102d20a496cac4172313500b5083cf6e9",
                "reference": "16c48e9102d20a496cac4172313500b5083cf6e9",
                "shasum": ""
            },
            "require": {
                "php-parallel-lint/php-console-color": "^0.3"
            },
            "type": "library",
            "extra": {
                "laravel": {
                    "providers": [
                        "Web64\\Colors\\ColorsServiceProvider"
                    ],
                    "aliases": {
                        "Colors": "Web64\\Colors\\Facades\\Colors"
                    }
                }
            },
            "autoload": {
                "psr-4": {
                    "Web64\\Colors\\": "src/Colors"
                }
            },
            "notification-url": "https://packagist.org/downloads/",
            "license": [
                "MIT"
            ],
            "authors": [
                {
                    "name": "Olav Hjertaker",
                    "email": "olav.hjertaker@gmail.com"
                }
            ],
            "description": "Laravel package for generating CLI output with awesome colors!",
            "support": {
                "issues": "https://github.com/web64/laravel-cli-colors/issues",
                "source": "https://github.com/web64/laravel-cli-colors/tree/v0.20"
            },
            "time": "2020-09-27T17:36:33+00:00"
        }
    ],
    "packages-dev": [],
    "aliases": [],
    "minimum-stability": "stable",
    "stability-flags": [],
    "prefer-stable": false,
    "prefer-lowest": false,
    "platform": [],
    "platform-dev": [],
    "plugin-api-version": "2.3.0"
}
